{
  "pins" : [
    {
      "identity" : "backedcodable",
      "kind" : "remoteSourceControl",
      "location" : "https://github.com/jegnux/BackedCodable.git",
      "state" : {
        "revision" : "c28a4e556298bd81ba068f0f1c534af73ffd46f9",
        "version" : "0.1.1"
      }
    },
    {
      "identity" : "codablewrappers",
      "kind" : "remoteSourceControl",
      "location" : "https://github.com/GottaGetSwifty/CodableWrappers.git",
      "state" : {
        "revision" : "c145ef4938ae5da91e6434ad1a0d55af940702fe",
        "version" : "2.0.6"
      }
    },
    {
      "identity" : "combine-schedulers",
      "kind" : "remoteSourceControl",
      "location" : "https://github.com/pointfreeco/combine-schedulers.git",
      "state" : {
        "revision" : "882ac01eb7ef9e36d4467eb4b1151e74fcef85ab",
        "version" : "0.9.1"
      }
    },
    {
      "identity" : "combinefeedback",
      "kind" : "remoteSourceControl",
      "location" : "https://github.com/sergdort/CombineFeedback",
      "state" : {
        "branch" : "master",
        "revision" : "8ba5916abb66ec62792e1a606c23d98b59b99f23"
      }
    },
    {
      "identity" : "swift-case-paths",
      "kind" : "remoteSourceControl",
      "location" : "https://github.com/pointfreeco/swift-case-paths.git",
      "state" : {
        "revision" : "bb436421f57269fbcfe7360735985321585a86e5",
        "version" : "0.10.1"
      }
    },
    {
      "identity" : "xctest-dynamic-overlay",
      "kind" : "remoteSourceControl",
      "location" : "https://github.com/pointfreeco/xctest-dynamic-overlay",
      "state" : {
        "revision" : "16e6409ee82e1b81390bdffbf217b9c08ab32784",
        "version" : "0.5.0"
      }
    }
  ],
  "version" : 2
}
